# THIS IS AN AUTOGENERATED FILE. DO NOT EDIT THIS FILE DIRECTLY.
# yarn lockfile v1


openzeppelin-solidity@=2.1.1:
  version "2.1.1"
  resolved "https://registry.yarnpkg.com/openzeppelin-solidity/-/openzeppelin-solidity-2.1.1.tgz#a929b63f30846ff429354a510a719624d7f4abc2"
  integrity sha512-kvVI/2n3oYfVYP53rUw+q6QNPlorwYRFaGu/Zs+TWFw2tKlnrz7UXh0UTWYd3Sfbq6eOo4XXnGv4bgcKguOrWg==
